
Microsoft Visual Studio Solution File, Format Version 12.00
# Visual Studio Version 16
VisualStudioVersion = 16.0.29503.13
MinimumVisualStudioVersion = 10.0.40219.1
Project("{FAE04EC0-301F-11D3-BF4B-00C04F79EFBC}") = "GoldDiggerWebApi", "GoldDiggerWebApi\GoldDiggerWebApi.csproj", "{714CCBF0-B0EF-42ED-AC5B-539B49FEFEBC}"
EndProject
Global
	GlobalSection(SolutionConfigurationPlatforms) = preSolution
		Debug|Any CPU = Debug|Any CPU
		Release|Any CPU = Release|Any CPU
	EndGlobalSection
	GlobalSection(ProjectConfigurationPlatforms) = postSolution
		{714CCBF0-B0EF-42ED-AC5B-539B49FEFEBC}.Debug|Any CPU.ActiveCfg = Debug|Any CPU
		{714CCBF0-B0EF-42ED-AC5B-539B49FEFEBC}.Debug|Any CPU.Build.0 = Debug|Any CPU
		{714CCBF0-B0EF-42ED-AC5B-539B49FEFEBC}.Release|Any CPU.ActiveCfg = Release|Any CPU
		{714CCBF0-B0EF-42ED-AC5B-539B49FEFEBC}.Release|Any CPU.Build.0 = Release|Any CPU
	EndGlobalSection
	GlobalSection(SolutionProperties) = preSolution
		HideSolutionNode = FALSE
	EndGlobalSection
	GlobalSection(ExtensibilityGlobals) = postSolution
		SolutionGuid = {D62BDB8D-DAAC-4B95-97FA-A6A105ED8D01}
	EndGlobalSection
EndGlobal
